<?xml version="1.0" encoding="utf-8"?>
<Project ToolsVersion="4.0" xmlns="http://schemas.microsoft.com/developer/msbuild/2003">
  <ItemGroup>
    <Filter Include="ソース ファイル">
      <UniqueIdentifier>{4FC737F1-C7A5-4376-A066-2A32D752A2FF}</UniqueIdentifier>
      <Extensions>cpp;c;cc;cxx;def;odl;idl;hpj;bat;asm;asmx</Extensions>
    </Filter>
    <Filter Include="リソース ファイル">
      <UniqueIdentifier>{67DA6AB6-F800-4c08-8B7A-83BB121AAD01}</UniqueIdentifier>
      <Extensions>rc;ico;cur;bmp;dlg;rc2;rct;bin;rgs;gif;jpg;jpeg;jpe;resx;tiff;tif;png;wav;mfcribbon-ms</Extensions>
    </Filter>
    <Filter Include="ソース ファイル\System">
      <UniqueIdentifier>{7fc29a59-280d-46b1-a158-55d6e5c8bfe6}</UniqueIdentifier>
    </Filter>
    <Filter Include="ソース ファイル\Application">
      <UniqueIdentifier>{7aab102e-9fae-41f2-be0d-38c91b5a1ecf}</UniqueIdentifier>
    </Filter>
    <Filter Include="ソース ファイル\System\Rendering">
      <UniqueIdentifier>{92a2a75c-4b62-40bb-b726-561b3f933a34}</UniqueIdentifier>
    </Filter>
    <Filter Include="ソース ファイル\System\Collider">
      <UniqueIdentifier>{44a73643-940a-4699-92c5-4580d3be2899}</UniqueIdentifier>
    </Filter>
  </ItemGroup>
  <ItemGroup>
    <ClCompile Include="main.cpp">
      <Filter>ソース ファイル\Application</Filter>
    </ClCompile>
    <ClCompile Include="player.cpp">
      <Filter>ソース ファイル\Application</Filter>
    </ClCompile>
    <ClCompile Include="shot.cpp">
      <Filter>ソース ファイル\Application</Filter>
    </ClCompile>
    <ClCompile Include="enemy.cpp">
      <Filter>ソース ファイル\Application</Filter>
    </ClCompile>
    <ClCompile Include="GameObject.cpp">
      <Filter>ソース ファイル\System</Filter>
    </ClCompile>
    <ClCompile Include="RenderCommandManager.cpp">
      <Filter>ソース ファイル\System\Rendering</Filter>
    </ClCompile>
    <ClCompile Include="Renderer.cpp">
      <Filter>ソース ファイル\System\Rendering</Filter>
    </ClCompile>
    <ClCompile Include="BoxCollider2D.cpp">
      <Filter>ソース ファイル\System\Collider</Filter>
    </ClCompile>
    <ClCompile Include="Colider.cpp">
      <Filter>ソース ファイル\System\Collider</Filter>
    </ClCompile>
    <ClCompile Include="SpriteRenderer.cpp">
      <Filter>ソース ファイル\System\Rendering</Filter>
    </ClCompile>
  </ItemGroup>
  <ItemGroup>
    <ClInclude Include="player.h">
      <Filter>ソース ファイル\Application</Filter>
    </ClInclude>
    <ClInclude Include="shot.h">
      <Filter>ソース ファイル\Application</Filter>
    </ClInclude>
    <ClInclude Include="enemy.h">
      <Filter>ソース ファイル\Application</Filter>
    </ClInclude>
    <ClInclude Include="common.h">
      <Filter>ソース ファイル\Application</Filter>
    </ClInclude>
    <ClInclude Include="GameObject.h">
      <Filter>ソース ファイル\System</Filter>
    </ClInclude>
    <ClInclude Include="RenderCommandManager.h">
      <Filter>ソース ファイル\System\Rendering</Filter>
    </ClInclude>
    <ClInclude Include="Renderer.h">
      <Filter>ソース ファイル\System\Rendering</Filter>
    </ClInclude>
    <ClInclude Include="Collider.h">
      <Filter>ソース ファイル\System\Collider</Filter>
    </ClInclude>
    <ClInclude Include="BoxCollider2D.h">
      <Filter>ソース ファイル\System\Collider</Filter>
    </ClInclude>
    <ClInclude Include="SpriteRenderer.h">
      <Filter>ソース ファイル\System\Rendering</Filter>
    </ClInclude>
    <ClInclude Include="RenderCommand.h">
      <Filter>ソース ファイル\System\Rendering</Filter>
    </ClInclude>
  </ItemGroup>
</Project>