<?xml version="1.0" encoding="utf-8"?>
<Project ToolsVersion="4.0" xmlns="http://schemas.microsoft.com/developer/msbuild/2003">
  <ItemGroup>
    <Filter Include="ソース ファイル">
      <UniqueIdentifier>{4FC737F1-C7A5-4376-A066-2A32D752A2FF}</UniqueIdentifier>
      <Extensions>cpp;c;cc;cxx;def;odl;idl;hpj;bat;asm;asmx</Extensions>
    </Filter>
    <Filter Include="ソース ファイル\Obstacle">
      <UniqueIdentifier>{2719b487-dc83-4a54-a29c-46f530e78045}</UniqueIdentifier>
    </Filter>
  </ItemGroup>
  <ItemGroup>
    <ClCompile Include="main.cpp">
      <Filter>ソース ファイル</Filter>
    </ClCompile>
    <ClCompile Include="Camera.cpp">
      <Filter>ソース ファイル</Filter>
    </ClCompile>
    <ClCompile Include="Player.cpp">
      <Filter>ソース ファイル</Filter>
    </ClCompile>
    <ClCompile Include="ObstacleBase.cpp">
      <Filter>ソース ファイル\Obstacle</Filter>
    </ClCompile>
    <ClCompile Include="ObstacleKinematic.cpp">
      <Filter>ソース ファイル\Obstacle</Filter>
    </ClCompile>
    <ClCompile Include="ObstacleManager.cpp">
      <Filter>ソース ファイル\Obstacle</Filter>
    </ClCompile>
    <ClCompile Include="ObstacleMovable.cpp">
      <Filter>ソース ファイル\Obstacle</Filter>
    </ClCompile>
  </ItemGroup>
  <ItemGroup>
    <ClInclude Include="Camera.h">
      <Filter>ソース ファイル</Filter>
    </ClInclude>
    <ClInclude Include="Player.h">
      <Filter>ソース ファイル</Filter>
    </ClInclude>
    <ClInclude Include="ObstacleBase.h">
      <Filter>ソース ファイル\Obstacle</Filter>
    </ClInclude>
    <ClInclude Include="ObstacleKinematic.h">
      <Filter>ソース ファイル\Obstacle</Filter>
    </ClInclude>
    <ClInclude Include="ObstacleManager.h">
      <Filter>ソース ファイル\Obstacle</Filter>
    </ClInclude>
    <ClInclude Include="ObstacleMovable.h">
      <Filter>ソース ファイル\Obstacle</Filter>
    </ClInclude>
  </ItemGroup>
</Project>