<?xml version="1.0" encoding="utf-8"?>
<Project ToolsVersion="4.0" xmlns="http://schemas.microsoft.com/developer/msbuild/2003">
  <ItemGroup>
    <ClCompile Include="source\main.cpp">
      <Filter>source</Filter>
    </ClCompile>
    <ClCompile Include="..\..\vmlib\Camera.cpp">
      <Filter>vmlib</Filter>
    </ClCompile>
    <ClCompile Include="..\..\vmlib\Device.cpp">
      <Filter>vmlib</Filter>
    </ClCompile>
    <ClCompile Include="..\..\vmlib\Mesh.cpp">
      <Filter>vmlib</Filter>
    </ClCompile>
    <ClCompile Include="..\..\vmlib\Sprite.cpp">
      <Filter>vmlib</Filter>
    </ClCompile>
    <ClCompile Include="..\..\vmlib\Triangle.cpp">
      <Filter>vmlib</Filter>
    </ClCompile>
    <ClCompile Include="..\..\vmlib\WinProcessWrapper.cpp">
      <Filter>vmlib</Filter>
    </ClCompile>
    <ClCompile Include="..\..\vmlib\VMFbxManager.cpp">
      <Filter>vmlib</Filter>
    </ClCompile>
    <ClCompile Include="source\Game.cpp">
      <Filter>source</Filter>
    </ClCompile>
    <ClCompile Include="..\..\vmlib\VMMesh.cpp">
      <Filter>vmlib</Filter>
    </ClCompile>
    <ClCompile Include="..\..\vmlib\VMParts.cpp">
      <Filter>vmlib</Filter>
    </ClCompile>
    <ClCompile Include="..\..\vmlib\VMTexture.cpp">
      <Filter>vmlib</Filter>
    </ClCompile>
  </ItemGroup>
  <ItemGroup>
    <Filter Include="source">
      <UniqueIdentifier>{19cb87db-ac58-4b78-978d-be0445a3e637}</UniqueIdentifier>
    </Filter>
    <Filter Include="vmlib">
      <UniqueIdentifier>{5293d722-61e1-4f16-8ccd-ae3947d35882}</UniqueIdentifier>
    </Filter>
  </ItemGroup>
  <ItemGroup>
    <ClInclude Include="..\..\vmlib\Camera.h">
      <Filter>vmlib</Filter>
    </ClInclude>
    <ClInclude Include="..\..\vmlib\Device.h">
      <Filter>vmlib</Filter>
    </ClInclude>
    <ClInclude Include="..\..\vmlib\Mesh.h">
      <Filter>vmlib</Filter>
    </ClInclude>
    <ClInclude Include="..\..\vmlib\Sprite.h">
      <Filter>vmlib</Filter>
    </ClInclude>
    <ClInclude Include="..\..\vmlib\Triangle.h">
      <Filter>vmlib</Filter>
    </ClInclude>
    <ClInclude Include="..\..\vmlib\vmlib.h">
      <Filter>vmlib</Filter>
    </ClInclude>
    <ClInclude Include="..\..\vmlib\VMFbxManager.h">
      <Filter>vmlib</Filter>
    </ClInclude>
    <ClInclude Include="source\Game.h">
      <Filter>source</Filter>
    </ClInclude>
    <ClInclude Include="..\..\vmlib\VMMesh.h">
      <Filter>vmlib</Filter>
    </ClInclude>
    <ClInclude Include="..\..\vmlib\VMParts.h">
      <Filter>vmlib</Filter>
    </ClInclude>
    <ClInclude Include="..\..\vmlib\VMTexture.h">
      <Filter>vmlib</Filter>
    </ClInclude>
  </ItemGroup>
</Project>