<?xml version="1.0" encoding="utf-8"?>
<Project ToolsVersion="4.0" xmlns="http://schemas.microsoft.com/developer/msbuild/2003">
  <ItemGroup>
    <Filter Include="ソース ファイル">
      <UniqueIdentifier>{4FC737F1-C7A5-4376-A066-2A32D752A2FF}</UniqueIdentifier>
      <Extensions>cpp;c;cc;cxx;def;odl;idl;hpj;bat;asm;asmx</Extensions>
    </Filter>
    <Filter Include="ソース ファイル\YuiLib">
      <UniqueIdentifier>{d5b0b1d1-5f5e-49e0-9c26-4e465cfefd9f}</UniqueIdentifier>
    </Filter>
  </ItemGroup>
  <ItemGroup>
    <ClCompile Include="main.cpp">
      <Filter>ソース ファイル</Filter>
    </ClCompile>
    <ClCompile Include="Player.cpp">
      <Filter>ソース ファイル</Filter>
    </ClCompile>
    <ClCompile Include="Camera.cpp">
      <Filter>ソース ファイル</Filter>
    </ClCompile>
    <ClCompile Include="YuiLib\Collidable.cpp">
      <Filter>ソース ファイル\YuiLib</Filter>
    </ClCompile>
    <ClCompile Include="YuiLib\ColliderDataCircle2D.cpp">
      <Filter>ソース ファイル\YuiLib</Filter>
    </ClCompile>
    <ClCompile Include="YuiLib\ColliderDataLine2D.cpp">
      <Filter>ソース ファイル\YuiLib</Filter>
    </ClCompile>
    <ClCompile Include="YuiLib\ColliderDataOneWayLine2D.cpp">
      <Filter>ソース ファイル\YuiLib</Filter>
    </ClCompile>
    <ClCompile Include="YuiLib\DebugDraw.cpp">
      <Filter>ソース ファイル\YuiLib</Filter>
    </ClCompile>
    <ClCompile Include="YuiLib\Physics.cpp">
      <Filter>ソース ファイル\YuiLib</Filter>
    </ClCompile>
    <ClCompile Include="YuiLib\Rigidbody.cpp">
      <Filter>ソース ファイル\YuiLib</Filter>
    </ClCompile>
    <ClCompile Include="YuiLib\WorldSprite.cpp">
      <Filter>ソース ファイル\YuiLib</Filter>
    </ClCompile>
  </ItemGroup>
  <ItemGroup>
    <ClInclude Include="Screen.h">
      <Filter>ソース ファイル</Filter>
    </ClInclude>
    <ClInclude Include="Player.h">
      <Filter>ソース ファイル</Filter>
    </ClInclude>
    <ClInclude Include="Camera.h">
      <Filter>ソース ファイル</Filter>
    </ClInclude>
    <ClInclude Include="GameObjectTag.h">
      <Filter>ソース ファイル</Filter>
    </ClInclude>
    <ClInclude Include="YuiLib\Collidable.h">
      <Filter>ソース ファイル\YuiLib</Filter>
    </ClInclude>
    <ClInclude Include="YuiLib\ColliderData.h">
      <Filter>ソース ファイル\YuiLib</Filter>
    </ClInclude>
    <ClInclude Include="YuiLib\ColliderDataCircle2D.h">
      <Filter>ソース ファイル\YuiLib</Filter>
    </ClInclude>
    <ClInclude Include="YuiLib\ColliderDataLine2D.h">
      <Filter>ソース ファイル\YuiLib</Filter>
    </ClInclude>
    <ClInclude Include="YuiLib\ColliderDataOneWayLine2D.h">
      <Filter>ソース ファイル\YuiLib</Filter>
    </ClInclude>
    <ClInclude Include="YuiLib\DebugDraw.h">
      <Filter>ソース ファイル\YuiLib</Filter>
    </ClInclude>
    <ClInclude Include="YuiLib\MathHelper.h">
      <Filter>ソース ファイル\YuiLib</Filter>
    </ClInclude>
    <ClInclude Include="YuiLib\Physics.h">
      <Filter>ソース ファイル\YuiLib</Filter>
    </ClInclude>
    <ClInclude Include="YuiLib\Rigidbody.h">
      <Filter>ソース ファイル\YuiLib</Filter>
    </ClInclude>
    <ClInclude Include="YuiLib\WorldSprite.h">
      <Filter>ソース ファイル\YuiLib</Filter>
    </ClInclude>
    <ClInclude Include="YuiLib\YuiLib.h">
      <Filter>ソース ファイル\YuiLib</Filter>
    </ClInclude>
  </ItemGroup>
</Project>