<?xml version="1.0" encoding="utf-8"?>
<Project ToolsVersion="4.0" xmlns="http://schemas.microsoft.com/developer/msbuild/2003">
  <ItemGroup>
    <Filter Include="ソース ファイル">
      <UniqueIdentifier>{4FC737F1-C7A5-4376-A066-2A32D752A2FF}</UniqueIdentifier>
      <Extensions>cpp;c;cc;cxx;def;odl;idl;hpj;bat;asm;asmx</Extensions>
    </Filter>
    <Filter Include="ソース ファイル\YuiLib">
      <UniqueIdentifier>{15a73892-77c0-4136-8ed9-920c27dab6fe}</UniqueIdentifier>
    </Filter>
  </ItemGroup>
  <ItemGroup>
    <ClCompile Include="main.cpp">
      <Filter>ソース ファイル</Filter>
    </ClCompile>
    <ClCompile Include="Player.cpp">
      <Filter>ソース ファイル</Filter>
    </ClCompile>
    <ClCompile Include="Camera.cpp">
      <Filter>ソース ファイル</Filter>
    </ClCompile>
    <ClCompile Include="BackGround3D.cpp">
      <Filter>ソース ファイル</Filter>
    </ClCompile>
    <ClCompile Include="BackGround2D.cpp">
      <Filter>ソース ファイル</Filter>
    </ClCompile>
    <ClCompile Include="WorldSprite.cpp">
      <Filter>ソース ファイル</Filter>
    </ClCompile>
    <ClCompile Include="FrontGround2D.cpp">
      <Filter>ソース ファイル</Filter>
    </ClCompile>
    <ClCompile Include="Collidable.cpp">
      <Filter>ソース ファイル\YuiLib</Filter>
    </ClCompile>
    <ClCompile Include="Physics.cpp">
      <Filter>ソース ファイル\YuiLib</Filter>
    </ClCompile>
    <ClCompile Include="Rigidbody.cpp">
      <Filter>ソース ファイル\YuiLib</Filter>
    </ClCompile>
    <ClCompile Include="DebugDraw.cpp">
      <Filter>ソース ファイル\YuiLib</Filter>
    </ClCompile>
  </ItemGroup>
  <ItemGroup>
    <ClInclude Include="Screen.h">
      <Filter>ソース ファイル</Filter>
    </ClInclude>
    <ClInclude Include="Player.h">
      <Filter>ソース ファイル</Filter>
    </ClInclude>
    <ClInclude Include="BackGround3D.h">
      <Filter>ソース ファイル</Filter>
    </ClInclude>
    <ClInclude Include="Camera.h">
      <Filter>ソース ファイル</Filter>
    </ClInclude>
    <ClInclude Include="BackGround2D.h">
      <Filter>ソース ファイル</Filter>
    </ClInclude>
    <ClInclude Include="WorldSprite.h">
      <Filter>ソース ファイル</Filter>
    </ClInclude>
    <ClInclude Include="FrontGround2D.h">
      <Filter>ソース ファイル</Filter>
    </ClInclude>
    <ClInclude Include="Collidable.h">
      <Filter>ソース ファイル\YuiLib</Filter>
    </ClInclude>
    <ClInclude Include="Physics.h">
      <Filter>ソース ファイル\YuiLib</Filter>
    </ClInclude>
    <ClInclude Include="Rigidbody.h">
      <Filter>ソース ファイル\YuiLib</Filter>
    </ClInclude>
    <ClInclude Include="DebugDraw.h">
      <Filter>ソース ファイル\YuiLib</Filter>
    </ClInclude>
    <ClInclude Include="YuiLib.h">
      <Filter>ソース ファイル\YuiLib</Filter>
    </ClInclude>
  </ItemGroup>
</Project>