<?xml version="1.0" encoding="utf-8"?>
<Project ToolsVersion="4.0" xmlns="http://schemas.microsoft.com/developer/msbuild/2003">
  <ItemGroup>
    <Filter Include="ソース ファイル">
      <UniqueIdentifier>{4FC737F1-C7A5-4376-A066-2A32D752A2FF}</UniqueIdentifier>
      <Extensions>cpp;c;cc;cxx;def;odl;idl;hpj;bat;asm;asmx</Extensions>
    </Filter>
    <Filter Include="リソース ファイル">
      <UniqueIdentifier>{67DA6AB6-F800-4c08-8B7A-83BB121AAD01}</UniqueIdentifier>
      <Extensions>rc;ico;cur;bmp;dlg;rc2;rct;bin;rgs;gif;jpg;jpeg;jpe;resx;tiff;tif;png;wav;mfcribbon-ms</Extensions>
    </Filter>
    <Filter Include="ソース ファイル\System">
      <UniqueIdentifier>{0c3bf6cf-d31b-4fe9-918a-dabea6260c9d}</UniqueIdentifier>
    </Filter>
    <Filter Include="ソース ファイル\BeginnerSupport">
      <UniqueIdentifier>{9d232e14-6a5e-4d50-bb60-2e6a556408ed}</UniqueIdentifier>
    </Filter>
  </ItemGroup>
  <ItemGroup>
    <ClCompile Include="System\Animation.cpp">
      <Filter>ソース ファイル\System</Filter>
    </ClCompile>
    <ClCompile Include="System\Camera.cpp">
      <Filter>ソース ファイル\System</Filter>
    </ClCompile>
    <ClCompile Include="System\Model.cpp">
      <Filter>ソース ファイル\System</Filter>
    </ClCompile>
    <ClCompile Include="System\WorldSprite.cpp">
      <Filter>ソース ファイル\System</Filter>
    </ClCompile>
    <ClCompile Include="BeginnerSupport\Beginner2D3D.cpp">
      <Filter>ソース ファイル\BeginnerSupport</Filter>
    </ClCompile>
    <ClCompile Include="main.cpp">
      <Filter>ソース ファイル</Filter>
    </ClCompile>
  </ItemGroup>
  <ItemGroup>
    <ClInclude Include="System\Animation.h">
      <Filter>ソース ファイル\System</Filter>
    </ClInclude>
    <ClInclude Include="System\Camera.h">
      <Filter>ソース ファイル\System</Filter>
    </ClInclude>
    <ClInclude Include="System\Model.h">
      <Filter>ソース ファイル\System</Filter>
    </ClInclude>
    <ClInclude Include="System\SystemConfig.h">
      <Filter>ソース ファイル\System</Filter>
    </ClInclude>
    <ClInclude Include="System\WorldSprite.h">
      <Filter>ソース ファイル\System</Filter>
    </ClInclude>
    <ClInclude Include="BeginnerSupport\Beginner2D3D.h">
      <Filter>ソース ファイル\BeginnerSupport</Filter>
    </ClInclude>
  </ItemGroup>
</Project>